PODS:
  - HFMoMain (1.0.0):
    - HFMoMain/Controller (= 1.0.0)
    - HFMoMain/PublicAPI (= 1.0.0)
    - HFMoMain/View (= 1.0.0)
    - HFRouter (= 0.2.0)
  - HFMoMain/Controller (1.0.0):
    - HFMoMain/View
    - HFRouter (= 0.2.0)
  - HFMoMain/PublicAPI (1.0.0):
    - HFMoMain/Controller
    - HFMoMain/View
    - HFRouter (= 0.2.0)
  - HFMoMain/View (1.0.0):
    - HFRouter (= 0.2.0)
  - HFRouter (0.2.0):
    - HFRouter/CTMediator (= 0.2.0)
    - HFRouter/MGJRouter (= 0.2.0)
  - HFRouter/CTMediator (0.2.0)
  - HFRouter/MGJRouter (0.2.0)

DEPENDENCIES:
  - HFMoMain (from `../`)

SPEC REPOS:
  trunk:
    - HFRouter

EXTERNAL SOURCES:
  HFMoMain:
    :path: "../"

SPEC CHECKSUMS:
  HFMoMain: 85f57d34250ac444678912534e7ee5cc4a578913
  HFRouter: d5ea85100b758cb378b3facbb6d35007a2c28f69

PODFILE CHECKSUM: 1b754edfc9541b2dd3b541e9ad591f2e497af51b

COCOAPODS: 1.16.2
